
Microsoft Visual Studio Solution File, Format Version 12.00
# Visual Studio Version 17
VisualStudioVersion = 17.5.33530.505
MinimumVisualStudioVersion = 10.0.40219.1
Project("{FAE04EC0-301F-11D3-BF4B-00C04F79EFBC}") = "WebApplication1", "WebApplication1\WebApplication1.csproj", "{4AAA6296-DEF4-4F46-B733-7A7CC0B656B0}"
EndProject
Global
	GlobalSection(SolutionConfigurationPlatforms) = preSolution
		Debug|Any CPU = Debug|Any CPU
		Release|Any CPU = Release|Any CPU
	EndGlobalSection
	GlobalSection(ProjectConfigurationPlatforms) = postSolution
		{4AAA6296-DEF4-4F46-B733-7A7CC0B656B0}.Debug|Any CPU.ActiveCfg = Debug|Any CPU
		{4AAA6296-DEF4-4F46-B733-7A7CC0B656B0}.Debug|Any CPU.Build.0 = Debug|Any CPU
		{4AAA6296-DEF4-4F46-B733-7A7CC0B656B0}.Release|Any CPU.ActiveCfg = Release|Any CPU
		{4AAA6296-DEF4-4F46-B733-7A7CC0B656B0}.Release|Any CPU.Build.0 = Release|Any CPU
	EndGlobalSection
	GlobalSection(SolutionProperties) = preSolution
		HideSolutionNode = FALSE
	EndGlobalSection
	GlobalSection(ExtensibilityGlobals) = postSolution
		SolutionGuid = {F4E2927A-83D0-4204-840B-0EE25DE64ADF}
	EndGlobalSection
EndGlobal
